
Microsoft Visual Studio Solution File, Format Version 12.00
# Visual Studio Version 16
VisualStudioVersion = 16.0.31911.196
MinimumVisualStudioVersion = 10.0.40219.1
Project("{9A19103F-16F7-4668-BE54-9A1E7A4F7556}") = "RPS_GameApi", "RPS_GameApi\RPS_GameApi.csproj", "{03047207-9114-483A-B501-8D7A5B06467E}"
EndProject
Project("{9A19103F-16F7-4668-BE54-9A1E7A4F7556}") = "DataBaseAccess", "DataBaseAccess\DataBaseAccess.csproj", "{5B8EA138-50B8-47B0-8D3A-7AA0DFD9AF6E}"
EndProject
Project("{9A19103F-16F7-4668-BE54-9A1E7A4F7556}") = "Models", "Models\Models.csproj", "{25E6BF69-9EE3-456C-B0D5-3BC3B7497B5A}"
EndProject
Project("{9A19103F-16F7-4668-BE54-9A1E7A4F7556}") = "GamePlayLogic", "GamePlayLogic\GamePlayLogic.csproj", "{2704133E-AC5D-45BE-A28C-147A4237E0CF}"
EndProject
Project("{9A19103F-16F7-4668-BE54-9A1E7A4F7556}") = "Tests.RPS_GameApi", "Tests\Tests.RPS_GameApi.csproj", "{9C0CC30D-BBF0-4EB1-8BB3-D091CC2A8ECD}"
EndProject
Global
	GlobalSection(SolutionConfigurationPlatforms) = preSolution
		Debug|Any CPU = Debug|Any CPU
		Release|Any CPU = Release|Any CPU
	EndGlobalSection
	GlobalSection(ProjectConfigurationPlatforms) = postSolution
		{03047207-9114-483A-B501-8D7A5B06467E}.Debug|Any CPU.ActiveCfg = Debug|Any CPU
		{03047207-9114-483A-B501-8D7A5B06467E}.Debug|Any CPU.Build.0 = Debug|Any CPU
		{03047207-9114-483A-B501-8D7A5B06467E}.Release|Any CPU.ActiveCfg = Release|Any CPU
		{03047207-9114-483A-B501-8D7A5B06467E}.Release|Any CPU.Build.0 = Release|Any CPU
		{5B8EA138-50B8-47B0-8D3A-7AA0DFD9AF6E}.Debug|Any CPU.ActiveCfg = Debug|Any CPU
		{5B8EA138-50B8-47B0-8D3A-7AA0DFD9AF6E}.Debug|Any CPU.Build.0 = Debug|Any CPU
		{5B8EA138-50B8-47B0-8D3A-7AA0DFD9AF6E}.Release|Any CPU.ActiveCfg = Release|Any CPU
		{5B8EA138-50B8-47B0-8D3A-7AA0DFD9AF6E}.Release|Any CPU.Build.0 = Release|Any CPU
		{25E6BF69-9EE3-456C-B0D5-3BC3B7497B5A}.Debug|Any CPU.ActiveCfg = Debug|Any CPU
		{25E6BF69-9EE3-456C-B0D5-3BC3B7497B5A}.Debug|Any CPU.Build.0 = Debug|Any CPU
		{25E6BF69-9EE3-456C-B0D5-3BC3B7497B5A}.Release|Any CPU.ActiveCfg = Release|Any CPU
		{25E6BF69-9EE3-456C-B0D5-3BC3B7497B5A}.Release|Any CPU.Build.0 = Release|Any CPU
		{2704133E-AC5D-45BE-A28C-147A4237E0CF}.Debug|Any CPU.ActiveCfg = Debug|Any CPU
		{2704133E-AC5D-45BE-A28C-147A4237E0CF}.Debug|Any CPU.Build.0 = Debug|Any CPU
		{2704133E-AC5D-45BE-A28C-147A4237E0CF}.Release|Any CPU.ActiveCfg = Release|Any CPU
		{2704133E-AC5D-45BE-A28C-147A4237E0CF}.Release|Any CPU.Build.0 = Release|Any CPU
		{9C0CC30D-BBF0-4EB1-8BB3-D091CC2A8ECD}.Debug|Any CPU.ActiveCfg = Debug|Any CPU
		{9C0CC30D-BBF0-4EB1-8BB3-D091CC2A8ECD}.Debug|Any CPU.Build.0 = Debug|Any CPU
		{9C0CC30D-BBF0-4EB1-8BB3-D091CC2A8ECD}.Release|Any CPU.ActiveCfg = Release|Any CPU
		{9C0CC30D-BBF0-4EB1-8BB3-D091CC2A8ECD}.Release|Any CPU.Build.0 = Release|Any CPU
	EndGlobalSection
	GlobalSection(SolutionProperties) = preSolution
		HideSolutionNode = FALSE
	EndGlobalSection
	GlobalSection(ExtensibilityGlobals) = postSolution
		SolutionGuid = {7DD99194-945E-4066-8B0C-89FF4E6E4179}
	EndGlobalSection
EndGlobal
