
Microsoft Visual Studio Solution File, Format Version 12.00
# Visual Studio Version 16
VisualStudioVersion = 16.0.31911.196
MinimumVisualStudioVersion = 10.0.40219.1
Project("{FAE04EC0-301F-11D3-BF4B-00C04F79EFBC}") = "TimeConversion", "TimeConversion.csproj", "{D336232E-49E9-45FF-99BE-F44D2B6457E0}"
EndProject
Global
	GlobalSection(SolutionConfigurationPlatforms) = preSolution
		Debug|Any CPU = Debug|Any CPU
		Release|Any CPU = Release|Any CPU
	EndGlobalSection
	GlobalSection(ProjectConfigurationPlatforms) = postSolution
		{D336232E-49E9-45FF-99BE-F44D2B6457E0}.Debug|Any CPU.ActiveCfg = Debug|Any CPU
		{D336232E-49E9-45FF-99BE-F44D2B6457E0}.Debug|Any CPU.Build.0 = Debug|Any CPU
		{D336232E-49E9-45FF-99BE-F44D2B6457E0}.Release|Any CPU.ActiveCfg = Release|Any CPU
		{D336232E-49E9-45FF-99BE-F44D2B6457E0}.Release|Any CPU.Build.0 = Release|Any CPU
	EndGlobalSection
	GlobalSection(SolutionProperties) = preSolution
		HideSolutionNode = FALSE
	EndGlobalSection
	GlobalSection(ExtensibilityGlobals) = postSolution
		SolutionGuid = {93CF6FE6-CCE2-4F9E-83C5-D5A247A795A5}
	EndGlobalSection
EndGlobal
