
Microsoft Visual Studio Solution File, Format Version 12.00
# Visual Studio Version 16
VisualStudioVersion = 16.0.31911.196
MinimumVisualStudioVersion = 10.0.40219.1
Project("{FAE04EC0-301F-11D3-BF4B-00C04F79EFBC}") = "P0-StoreApplication", "P0-StoreApplication.csproj", "{1756044C-63FB-4DD7-A15A-DC8AF0851ED7}"
EndProject
Global
	GlobalSection(SolutionConfigurationPlatforms) = preSolution
		Debug|Any CPU = Debug|Any CPU
		Release|Any CPU = Release|Any CPU
	EndGlobalSection
	GlobalSection(ProjectConfigurationPlatforms) = postSolution
		{1756044C-63FB-4DD7-A15A-DC8AF0851ED7}.Debug|Any CPU.ActiveCfg = Debug|Any CPU
		{1756044C-63FB-4DD7-A15A-DC8AF0851ED7}.Debug|Any CPU.Build.0 = Debug|Any CPU
		{1756044C-63FB-4DD7-A15A-DC8AF0851ED7}.Release|Any CPU.ActiveCfg = Release|Any CPU
		{1756044C-63FB-4DD7-A15A-DC8AF0851ED7}.Release|Any CPU.Build.0 = Release|Any CPU
	EndGlobalSection
	GlobalSection(SolutionProperties) = preSolution
		HideSolutionNode = FALSE
	EndGlobalSection
	GlobalSection(ExtensibilityGlobals) = postSolution
		SolutionGuid = {CBE1207F-2073-4DD4-8318-25FE48A08D16}
	EndGlobalSection
EndGlobal
